
Microsoft Visual Studio Solution File, Format Version 12.00
# Visual Studio 14
VisualStudioVersion = 14.0.25123.0
MinimumVisualStudioVersion = 10.0.40219.1
Project("{FAE04EC0-301F-11D3-BF4B-00C04F79EFBC}") = "FileProcessor", "FileProcessor.csproj", "{DC11F6C1-199B-48D3-BEB6-124E5F8F574E}"
EndProject
Project("{FAE04EC0-301F-11D3-BF4B-00C04F79EFBC}") = "FileProcessorTests", "..\FileProcessorTests\FileProcessorTests.csproj", "{7B47493E-BCF8-41EE-BB11-C126DC7816FA}"
EndProject
Global
	GlobalSection(SolutionConfigurationPlatforms) = preSolution
		Debug|Any CPU = Debug|Any CPU
		Release|Any CPU = Release|Any CPU
	EndGlobalSection
	GlobalSection(ProjectConfigurationPlatforms) = postSolution
		{DC11F6C1-199B-48D3-BEB6-124E5F8F574E}.Debug|Any CPU.ActiveCfg = Debug|Any CPU
		{DC11F6C1-199B-48D3-BEB6-124E5F8F574E}.Debug|Any CPU.Build.0 = Debug|Any CPU
		{DC11F6C1-199B-48D3-BEB6-124E5F8F574E}.Release|Any CPU.ActiveCfg = Release|Any CPU
		{DC11F6C1-199B-48D3-BEB6-124E5F8F574E}.Release|Any CPU.Build.0 = Release|Any CPU
		{7B47493E-BCF8-41EE-BB11-C126DC7816FA}.Debug|Any CPU.ActiveCfg = Debug|Any CPU
		{7B47493E-BCF8-41EE-BB11-C126DC7816FA}.Debug|Any CPU.Build.0 = Debug|Any CPU
		{7B47493E-BCF8-41EE-BB11-C126DC7816FA}.Release|Any CPU.ActiveCfg = Release|Any CPU
		{7B47493E-BCF8-41EE-BB11-C126DC7816FA}.Release|Any CPU.Build.0 = Release|Any CPU
	EndGlobalSection
	GlobalSection(SolutionProperties) = preSolution
		HideSolutionNode = FALSE
	EndGlobalSection
EndGlobal
